
Microsoft Visual Studio Solution File, Format Version 12.00
# Visual Studio Version 17
VisualStudioVersion = 17.0.31919.166
MinimumVisualStudioVersion = 10.0.40219.1
Project("{FAE04EC0-301F-11D3-BF4B-00C04F79EFBC}") = "PaginaLogin", "PaginaLogin.csproj", "{83654633-7F1D-4842-91E2-7678D3713EB6}"
EndProject
Global
	GlobalSection(SolutionConfigurationPlatforms) = preSolution
		Debug|Any CPU = Debug|Any CPU
		Release|Any CPU = Release|Any CPU
	EndGlobalSection
	GlobalSection(ProjectConfigurationPlatforms) = postSolution
		{83654633-7F1D-4842-91E2-7678D3713EB6}.Debug|Any CPU.ActiveCfg = Debug|Any CPU
		{83654633-7F1D-4842-91E2-7678D3713EB6}.Debug|Any CPU.Build.0 = Debug|Any CPU
		{83654633-7F1D-4842-91E2-7678D3713EB6}.Release|Any CPU.ActiveCfg = Release|Any CPU
		{83654633-7F1D-4842-91E2-7678D3713EB6}.Release|Any CPU.Build.0 = Release|Any CPU
	EndGlobalSection
	GlobalSection(SolutionProperties) = preSolution
		HideSolutionNode = FALSE
	EndGlobalSection
	GlobalSection(ExtensibilityGlobals) = postSolution
		SolutionGuid = {23169961-222D-42F5-80D1-CF8F515B0035}
	EndGlobalSection
EndGlobal
